// !$*UTF8*$!
{
	archiveVersion = 1;
	classes = {
	};
	objectVersion = 55;
	objects = {

/* Begin PBXBuildFile section */
		AD5BF28A29D308A2002BFEBF /* GoogleService-Info.plist in Resources */ = {isa = PBXBuildFile; fileRef = AD5BF28929D308A2002BFEBF /* GoogleService-Info.plist */; };
		AD8CE0D629D9132400E37E07 /* RegisterScreen.swift in Sources */ = {isa = PBXBuildFile; fileRef = AD8CE0D529D9132400E37E07 /* RegisterScreen.swift */; };
		AD8CE0D829D916CA00E37E07 /* MainScreen.swift in Sources */ = {isa = PBXBuildFile; fileRef = AD8CE0D729D916CA00E37E07 /* MainScreen.swift */; };
		AD91490129D0DBD100A7B78C /* UserStateViewModel.swift in Sources */ = {isa = PBXBuildFile; fileRef = AD91490029D0DBD100A7B78C /* UserStateViewModel.swift */; };
		AD91490329D0DC4300A7B78C /* ApplicationSwitcher.swift in Sources */ = {isa = PBXBuildFile; fileRef = AD91490229D0DC4300A7B78C /* ApplicationSwitcher.swift */; };
		AD91490529D0E6DA00A7B78C /* LoginScreen.swift in Sources */ = {isa = PBXBuildFile; fileRef = AD91490429D0E6DA00A7B78C /* LoginScreen.swift */; };
		AD91490729D0E72000A7B78C /* HomeScreen.swift in Sources */ = {isa = PBXBuildFile; fileRef = AD91490629D0E72000A7B78C /* HomeScreen.swift */; };
		ADD4671229C54BD400717EDF /* Music_wavesApp.swift in Sources */ = {isa = PBXBuildFile; fileRef = ADD4671129C54BD400717EDF /* Music_wavesApp.swift */; };
		ADD4671629C54BD700717EDF /* Assets.xcassets in Resources */ = {isa = PBXBuildFile; fileRef = ADD4671529C54BD700717EDF /* Assets.xcassets */; };
		ADD4671929C54BD700717EDF /* Preview Assets.xcassets in Resources */ = {isa = PBXBuildFile; fileRef = ADD4671829C54BD700717EDF /* Preview Assets.xcassets */; };
		ADD4672329C54BD700717EDF /* Music_wavesTests.swift in Sources */ = {isa = PBXBuildFile; fileRef = ADD4672229C54BD700717EDF /* Music_wavesTests.swift */; };
		ADD4672D29C54BD700717EDF /* Music_wavesUITests.swift in Sources */ = {isa = PBXBuildFile; fileRef = ADD4672C29C54BD700717EDF /* Music_wavesUITests.swift */; };
		ADD4672F29C54BD700717EDF /* Music_wavesUITestsLaunchTests.swift in Sources */ = {isa = PBXBuildFile; fileRef = ADD4672E29C54BD700717EDF /* Music_wavesUITestsLaunchTests.swift */; };
/* End PBXBuildFile section */

/* Begin PBXContainerItemProxy section */
		ADD4671F29C54BD700717EDF /* PBXContainerItemProxy */ = {
			isa = PBXContainerItemProxy;
			containerPortal = ADD4670629C54BD400717EDF /* Project object */;
			proxyType = 1;
			remoteGlobalIDString = ADD4670D29C54BD400717EDF;
			remoteInfo = Music_waves;
		};
		ADD4672929C54BD700717EDF /* PBXContainerItemProxy */ = {
			isa = PBXContainerItemProxy;
			containerPortal = ADD4670629C54BD400717EDF /* Project object */;
			proxyType = 1;
			remoteGlobalIDString = ADD4670D29C54BD400717EDF;
			remoteInfo = Music_waves;
		};
/* End PBXContainerItemProxy section */

/* Begin PBXFileReference section */
		AD5BF28929D308A2002BFEBF /* GoogleService-Info.plist */ = {isa = PBXFileReference; fileEncoding = 4; lastKnownFileType = text.plist.xml; name = "GoogleService-Info.plist"; path = "../../../../../Downloads/GoogleService-Info.plist"; sourceTree = "<group>"; };
		AD8CE0D529D9132400E37E07 /* RegisterScreen.swift */ = {isa = PBXFileReference; lastKnownFileType = sourcecode.swift; path = RegisterScreen.swift; sourceTree = "<group>"; };
		AD8CE0D729D916CA00E37E07 /* MainScreen.swift */ = {isa = PBXFileReference; lastKnownFileType = sourcecode.swift; path = MainScreen.swift; sourceTree = "<group>"; };
		AD91490029D0DBD100A7B78C /* UserStateViewModel.swift */ = {isa = PBXFileReference; lastKnownFileType = sourcecode.swift; path = UserStateViewModel.swift; sourceTree = "<group>"; };
		AD91490229D0DC4300A7B78C /* ApplicationSwitcher.swift */ = {isa = PBXFileReference; lastKnownFileType = sourcecode.swift; path = ApplicationSwitcher.swift; sourceTree = "<group>"; };
		AD91490429D0E6DA00A7B78C /* LoginScreen.swift */ = {isa = PBXFileReference; lastKnownFileType = sourcecode.swift; path = LoginScreen.swift; sourceTree = "<group>"; };
		AD91490629D0E72000A7B78C /* HomeScreen.swift */ = {isa = PBXFileReference; lastKnownFileType = sourcecode.swift; path = HomeScreen.swift; sourceTree = "<group>"; };
		ADD4670E29C54BD400717EDF /* Music_waves.app */ = {isa = PBXFileReference; explicitFileType = wrapper.application; includeInIndex = 0; path = Music_waves.app; sourceTree = BUILT_PRODUCTS_DIR; };
		ADD4671129C54BD400717EDF /* Music_wavesApp.swift */ = {isa = PBXFileReference; lastKnownFileType = sourcecode.swift; path = Music_wavesApp.swift; sourceTree = "<group>"; };
		ADD4671529C54BD700717EDF /* Assets.xcassets */ = {isa = PBXFileReference; lastKnownFileType = folder.assetcatalog; path = Assets.xcassets; sourceTree = "<group>"; };
		ADD4671829C54BD700717EDF /* Preview Assets.xcassets */ = {isa = PBXFileReference; lastKnownFileType = folder.assetcatalog; path = "Preview Assets.xcassets"; sourceTree = "<group>"; };
		ADD4671E29C54BD700717EDF /* Music_wavesTests.xctest */ = {isa = PBXFileReference; explicitFileType = wrapper.cfbundle; includeInIndex = 0; path = Music_wavesTests.xctest; sourceTree = BUILT_PRODUCTS_DIR; };
		ADD4672229C54BD700717EDF /* Music_wavesTests.swift */ = {isa = PBXFileReference; lastKnownFileType = sourcecode.swift; path = Music_wavesTests.swift; sourceTree = "<group>"; };
		ADD4672829C54BD700717EDF /* Music_wavesUITests.xctest */ = {isa = PBXFileReference; explicitFileType = wrapper.cfbundle; includeInIndex = 0; path = Music_wavesUITests.xctest; sourceTree = BUILT_PRODUCTS_DIR; };
		ADD4672C29C54BD700717EDF /* Music_wavesUITests.swift */ = {isa = PBXFileReference; lastKnownFileType = sourcecode.swift; path = Music_wavesUITests.swift; sourceTree = "<group>"; };
		ADD4672E29C54BD700717EDF /* Music_wavesUITestsLaunchTests.swift */ = {isa = PBXFileReference; lastKnownFileType = sourcecode.swift; path = Music_wavesUITestsLaunchTests.swift; sourceTree = "<group>"; };
/* End PBXFileReference section */

/* Begin PBXFrameworksBuildPhase section */
		ADD4670B29C54BD400717EDF /* Frameworks */ = {
			isa = PBXFrameworksBuildPhase;
			buildActionMask = 2147483647;
			files = (
			);
			runOnlyForDeploymentPostprocessing = 0;
		};
		ADD4671B29C54BD700717EDF /* Frameworks */ = {
			isa = PBXFrameworksBuildPhase;
			buildActionMask = 2147483647;
			files = (
			);
			runOnlyForDeploymentPostprocessing = 0;
		};
		ADD4672529C54BD700717EDF /* Frameworks */ = {
			isa = PBXFrameworksBuildPhase;
			buildActionMask = 2147483647;
			files = (
			);
			runOnlyForDeploymentPostprocessing = 0;
		};
/* End PBXFrameworksBuildPhase section */

/* Begin PBXGroup section */
		ADD4670529C54BD400717EDF = {
			isa = PBXGroup;
			children = (
				ADD4671029C54BD400717EDF /* Music_waves */,
				ADD4672129C54BD700717EDF /* Music_wavesTests */,
				ADD4672B29C54BD700717EDF /* Music_wavesUITests */,
				ADD4670F29C54BD400717EDF /* Products */,
			);
			sourceTree = "<group>";
		};
		ADD4670F29C54BD400717EDF /* Products */ = {
			isa = PBXGroup;
			children = (
				ADD4670E29C54BD400717EDF /* Music_waves.app */,
				ADD4671E29C54BD700717EDF /* Music_wavesTests.xctest */,
				ADD4672829C54BD700717EDF /* Music_wavesUITests.xctest */,
			);
			name = Products;
			sourceTree = "<group>";
		};
		ADD4671029C54BD400717EDF /* Music_waves */ = {
			isa = PBXGroup;
			children = (
				ADD4671129C54BD400717EDF /* Music_wavesApp.swift */,
				AD91490429D0E6DA00A7B78C /* LoginScreen.swift */,
				AD5BF28929D308A2002BFEBF /* GoogleService-Info.plist */,
				AD91490629D0E72000A7B78C /* HomeScreen.swift */,
				AD91490029D0DBD100A7B78C /* UserStateViewModel.swift */,
				AD91490229D0DC4300A7B78C /* ApplicationSwitcher.swift */,
				ADD4671529C54BD700717EDF /* Assets.xcassets */,
				ADD4671729C54BD700717EDF /* Preview Content */,
				AD8CE0D529D9132400E37E07 /* RegisterScreen.swift */,
				AD8CE0D729D916CA00E37E07 /* MainScreen.swift */,
			);
			path = Music_waves;
			sourceTree = "<group>";
		};
		ADD4671729C54BD700717EDF /* Preview Content */ = {
			isa = PBXGroup;
			children = (
				ADD4671829C54BD700717EDF /* Preview Assets.xcassets */,
			);
			path = "Preview Content";
			sourceTree = "<group>";
		};
		ADD4672129C54BD700717EDF /* Music_wavesTests */ = {
			isa = PBXGroup;
			children = (
				ADD4672229C54BD700717EDF /* Music_wavesTests.swift */,
			);
			path = Music_wavesTests;
			sourceTree = "<group>";
		};
		ADD4672B29C54BD700717EDF /* Music_wavesUITests */ = {
			isa = PBXGroup;
			children = (
				ADD4672C29C54BD700717EDF /* Music_wavesUITests.swift */,
				ADD4672E29C54BD700717EDF /* Music_wavesUITestsLaunchTests.swift */,
			);
			path = Music_wavesUITests;
			sourceTree = "<group>";
		};
/* End PBXGroup section */

/* Begin PBXNativeTarget section */
		ADD4670D29C54BD400717EDF /* Music_waves */ = {
			isa = PBXNativeTarget;
			buildConfigurationList = ADD4673229C54BD700717EDF /* Build configuration list for PBXNativeTarget "Music_waves" */;
			buildPhases = (
				ADD4670A29C54BD400717EDF /* Sources */,
				ADD4670B29C54BD400717EDF /* Frameworks */,
				ADD4670C29C54BD400717EDF /* Resources */,
			);
			buildRules = (
			);
			dependencies = (
			);
			name = Music_waves;
			packageProductDependencies = (
			);
			productName = Music_waves;
			productReference = ADD4670E29C54BD400717EDF /* Music_waves.app */;
			productType = "com.apple.product-type.application";
		};
		ADD4671D29C54BD700717EDF /* Music_wavesTests */ = {
			isa = PBXNativeTarget;
			buildConfigurationList = ADD4673529C54BD700717EDF /* Build configuration list for PBXNativeTarget "Music_wavesTests" */;
			buildPhases = (
				ADD4671A29C54BD700717EDF /* Sources */,
				ADD4671B29C54BD700717EDF /* Frameworks */,
				ADD4671C29C54BD700717EDF /* Resources */,
			);
			buildRules = (
			);
			dependencies = (
				ADD4672029C54BD700717EDF /* PBXTargetDependency */,
			);
			name = Music_wavesTests;
			productName = Music_wavesTests;
			productReference = ADD4671E29C54BD700717EDF /* Music_wavesTests.xctest */;
			productType = "com.apple.product-type.bundle.unit-test";
		};
		ADD4672729C54BD700717EDF /* Music_wavesUITests */ = {
			isa = PBXNativeTarget;
			buildConfigurationList = ADD4673829C54BD700717EDF /* Build configuration list for PBXNativeTarget "Music_wavesUITests" */;
			buildPhases = (
				ADD4672429C54BD700717EDF /* Sources */,
				ADD4672529C54BD700717EDF /* Frameworks */,
				ADD4672629C54BD700717EDF /* Resources */,
			);
			buildRules = (
			);
			dependencies = (
				ADD4672A29C54BD700717EDF /* PBXTargetDependency */,
			);
			name = Music_wavesUITests;
			productName = Music_wavesUITests;
			productReference = ADD4672829C54BD700717EDF /* Music_wavesUITests.xctest */;
			productType = "com.apple.product-type.bundle.ui-testing";
		};
/* End PBXNativeTarget section */

/* Begin PBXProject section */
		ADD4670629C54BD400717EDF /* Project object */ = {
			isa = PBXProject;
			attributes = {
				BuildIndependentTargetsInParallel = 1;
				LastSwiftUpdateCheck = 1340;
				LastUpgradeCheck = 1340;
				TargetAttributes = {
					ADD4670D29C54BD400717EDF = {
						CreatedOnToolsVersion = 13.4.1;
					};
					ADD4671D29C54BD700717EDF = {
						CreatedOnToolsVersion = 13.4.1;
						TestTargetID = ADD4670D29C54BD400717EDF;
					};
					ADD4672729C54BD700717EDF = {
						CreatedOnToolsVersion = 13.4.1;
						TestTargetID = ADD4670D29C54BD400717EDF;
					};
				};
			};
			buildConfigurationList = ADD4670929C54BD400717EDF /* Build configuration list for PBXProject "Music_waves" */;
			compatibilityVersion = "Xcode 13.0";
			developmentRegion = en;
			hasScannedForEncodings = 0;
			knownRegions = (
				en,
				Base,
			);
			mainGroup = ADD4670529C54BD400717EDF;
			packageReferences = (
			);
			productRefGroup = ADD4670F29C54BD400717EDF /* Products */;
			projectDirPath = "";
			projectRoot = "";
			targets = (
				ADD4670D29C54BD400717EDF /* Music_waves */,
				ADD4671D29C54BD700717EDF /* Music_wavesTests */,
				ADD4672729C54BD700717EDF /* Music_wavesUITests */,
			);
		};
/* End PBXProject section */

/* Begin PBXResourcesBuildPhase section */
		ADD4670C29C54BD400717EDF /* Resources */ = {
			isa = PBXResourcesBuildPhase;
			buildActionMask = 2147483647;
			files = (
				ADD4671929C54BD700717EDF /* Preview Assets.xcassets in Resources */,
				ADD4671629C54BD700717EDF /* Assets.xcassets in Resources */,
				AD5BF28A29D308A2002BFEBF /* GoogleService-Info.plist in Resources */,
			);
			runOnlyForDeploymentPostprocessing = 0;
		};
		ADD4671C29C54BD700717EDF /* Resources */ = {
			isa = PBXResourcesBuildPhase;
			buildActionMask = 2147483647;
			files = (
			);
			runOnlyForDeploymentPostprocessing = 0;
		};
		ADD4672629C54BD700717EDF /* Resources */ = {
			isa = PBXResourcesBuildPhase;
			buildActionMask = 2147483647;
			files = (
			);
			runOnlyForDeploymentPostprocessing = 0;
		};
/* End PBXResourcesBuildPhase section */

/* Begin PBXSourcesBuildPhase section */
		ADD4670A29C54BD400717EDF /* Sources */ = {
			isa = PBXSourcesBuildPhase;
			buildActionMask = 2147483647;
			files = (
				AD8CE0D829D916CA00E37E07 /* MainScreen.swift in Sources */,
				AD91490129D0DBD100A7B78C /* UserStateViewModel.swift in Sources */,
				AD91490329D0DC4300A7B78C /* ApplicationSwitcher.swift in Sources */,
				AD91490729D0E72000A7B78C /* HomeScreen.swift in Sources */,
				AD8CE0D629D9132400E37E07 /* RegisterScreen.swift in Sources */,
				ADD4671229C54BD400717EDF /* Music_wavesApp.swift in Sources */,
				AD91490529D0E6DA00A7B78C /* LoginScreen.swift in Sources */,
			);
			runOnlyForDeploymentPostprocessing = 0;
		};
		ADD4671A29C54BD700717EDF /* Sources */ = {
			isa = PBXSourcesBuildPhase;
			buildActionMask = 2147483647;
			files = (
				ADD4672329C54BD700717EDF /* Music_wavesTests.swift in Sources */,
			);
			runOnlyForDeploymentPostprocessing = 0;
		};
		ADD4672429C54BD700717EDF /* Sources */ = {
			isa = PBXSourcesBuildPhase;
			buildActionMask = 2147483647;
			files = (
				ADD4672D29C54BD700717EDF /* Music_wavesUITests.swift in Sources */,
				ADD4672F29C54BD700717EDF /* Music_wavesUITestsLaunchTests.swift in Sources */,
			);
			runOnlyForDeploymentPostprocessing = 0;
		};
/* End PBXSourcesBuildPhase section */

/* Begin PBXTargetDependency section */
		ADD4672029C54BD700717EDF /* PBXTargetDependency */ = {
			isa = PBXTargetDependency;
			target = ADD4670D29C54BD400717EDF /* Music_waves */;
			targetProxy = ADD4671F29C54BD700717EDF /* PBXContainerItemProxy */;
		};
		ADD4672A29C54BD700717EDF /* PBXTargetDependency */ = {
			isa = PBXTargetDependency;
			target = ADD4670D29C54BD400717EDF /* Music_waves */;
			targetProxy = ADD4672929C54BD700717EDF /* PBXContainerItemProxy */;
		};
/* End PBXTargetDependency section */

/* Begin XCBuildConfiguration section */
		ADD4673029C54BD700717EDF /* Debug */ = {
			isa = XCBuildConfiguration;
			buildSettings = {
				ALWAYS_SEARCH_USER_PATHS = NO;
				CLANG_ANALYZER_NONNULL = YES;
				CLANG_ANALYZER_NUMBER_OBJECT_CONVERSION = YES_AGGRESSIVE;
				CLANG_CXX_LANGUAGE_STANDARD = "gnu++17";
				CLANG_ENABLE_MODULES = YES;
				CLANG_ENABLE_OBJC_ARC = YES;
				CLANG_ENABLE_OBJC_WEAK = YES;
				CLANG_WARN_BLOCK_CAPTURE_AUTORELEASING = YES;
				CLANG_WARN_BOOL_CONVERSION = YES;
				CLANG_WARN_COMMA = YES;
				CLANG_WARN_CONSTANT_CONVERSION = YES;
				CLANG_WARN_DEPRECATED_OBJC_IMPLEMENTATIONS = YES;
				CLANG_WARN_DIRECT_OBJC_ISA_USAGE = YES_ERROR;
				CLANG_WARN_DOCUMENTATION_COMMENTS = YES;
				CLANG_WARN_EMPTY_BODY = YES;
				CLANG_WARN_ENUM_CONVERSION = YES;
				CLANG_WARN_INFINITE_RECURSION = YES;
				CLANG_WARN_INT_CONVERSION = YES;
				CLANG_WARN_NON_LITERAL_NULL_CONVERSION = YES;
				CLANG_WARN_OBJC_IMPLICIT_RETAIN_SELF = YES;
				CLANG_WARN_OBJC_LITERAL_CONVERSION = YES;
				CLANG_WARN_OBJC_ROOT_CLASS = YES_ERROR;
				CLANG_WARN_QUOTED_INCLUDE_IN_FRAMEWORK_HEADER = YES;
				CLANG_WARN_RANGE_LOOP_ANALYSIS = YES;
				CLANG_WARN_STRICT_PROTOTYPES = YES;
				CLANG_WARN_SUSPICIOUS_MOVE = YES;
				CLANG_WARN_UNGUARDED_AVAILABILITY = YES_AGGRESSIVE;
				CLANG_WARN_UNREACHABLE_CODE = YES;
				CLANG_WARN__DUPLICATE_METHOD_MATCH = YES;
				COPY_PHASE_STRIP = NO;
				DEBUG_INFORMATION_FORMAT = dwarf;
				ENABLE_STRICT_OBJC_MSGSEND = YES;
				ENABLE_TESTABILITY = YES;
				GCC_C_LANGUAGE_STANDARD = gnu11;
				GCC_DYNAMIC_NO_PIC = NO;
				GCC_NO_COMMON_BLOCKS = YES;
				GCC_OPTIMIZATION_LEVEL = 0;
				GCC_PREPROCESSOR_DEFINITIONS = (
					"DEBUG=1",
					"$(inherited)",
				);
				GCC_WARN_64_TO_32_BIT_CONVERSION = YES;
				GCC_WARN_ABOUT_RETURN_TYPE = YES_ERROR;
				GCC_WARN_UNDECLARED_SELECTOR = YES;
				GCC_WARN_UNINITIALIZED_AUTOS = YES_AGGRESSIVE;
				GCC_WARN_UNUSED_FUNCTION = YES;
				GCC_WARN_UNUSED_VARIABLE = YES;
				IPHONEOS_DEPLOYMENT_TARGET = 15.5;
				MTL_ENABLE_DEBUG_INFO = INCLUDE_SOURCE;
				MTL_FAST_MATH = YES;
				ONLY_ACTIVE_ARCH = YES;
				SDKROOT = iphoneos;
				SWIFT_ACTIVE_COMPILATION_CONDITIONS = DEBUG;
				SWIFT_OPTIMIZATION_LEVEL = "-Onone";
			};
			name = Debug;
		};
		ADD4673129C54BD700717EDF /* Release */ = {
			isa = XCBuildConfiguration;
			buildSettings = {
				ALWAYS_SEARCH_USER_PATHS = NO;
				CLANG_ANALYZER_NONNULL = YES;
				CLANG_ANALYZER_NUMBER_OBJECT_CONVERSION = YES_AGGRESSIVE;
				CLANG_CXX_LANGUAGE_STANDARD = "gnu++17";
				CLANG_ENABLE_MODULES = YES;
				CLANG_ENABLE_OBJC_ARC = YES;
				CLANG_ENABLE_OBJC_WEAK = YES;
				CLANG_WARN_BLOCK_CAPTURE_AUTORELEASING = YES;
				CLANG_WARN_BOOL_CONVERSION = YES;
				CLANG_WARN_COMMA = YES;
				CLANG_WARN_CONSTANT_CONVERSION = YES;
				CLANG_WARN_DEPRECATED_OBJC_IMPLEMENTATIONS = YES;
				CLANG_WARN_DIRECT_OBJC_ISA_USAGE = YES_ERROR;
				CLANG_WARN_DOCUMENTATION_COMMENTS = YES;
				CLANG_WARN_EMPTY_BODY = YES;
				CLANG_WARN_ENUM_CONVERSION = YES;
				CLANG_WARN_INFINITE_RECURSION = YES;
				CLANG_WARN_INT_CONVERSION = YES;
				CLANG_WARN_NON_LITERAL_NULL_CONVERSION = YES;
				CLANG_WARN_OBJC_IMPLICIT_RETAIN_SELF = YES;
				CLANG_WARN_OBJC_LITERAL_CONVERSION = YES;
				CLANG_WARN_OBJC_ROOT_CLASS = YES_ERROR;
				CLANG_WARN_QUOTED_INCLUDE_IN_FRAMEWORK_HEADER = YES;
				CLANG_WARN_RANGE_LOOP_ANALYSIS = YES;
				CLANG_WARN_STRICT_PROTOTYPES = YES;
				CLANG_WARN_SUSPICIOUS_MOVE = YES;
				CLANG_WARN_UNGUARDED_AVAILABILITY = YES_AGGRESSIVE;
				CLANG_WARN_UNREACHABLE_CODE = YES;
				CLANG_WARN__DUPLICATE_METHOD_MATCH = YES;
				COPY_PHASE_STRIP = NO;
				DEBUG_INFORMATION_FORMAT = "dwarf-with-dsym";
				ENABLE_NS_ASSERTIONS = NO;
				ENABLE_STRICT_OBJC_MSGSEND = YES;
				GCC_C_LANGUAGE_STANDARD = gnu11;
				GCC_NO_COMMON_BLOCKS = YES;
				GCC_WARN_64_TO_32_BIT_CONVERSION = YES;
				GCC_WARN_ABOUT_RETURN_TYPE = YES_ERROR;
				GCC_WARN_UNDECLARED_SELECTOR = YES;
				GCC_WARN_UNINITIALIZED_AUTOS = YES_AGGRESSIVE;
				GCC_WARN_UNUSED_FUNCTION = YES;
				GCC_WARN_UNUSED_VARIABLE = YES;
				IPHONEOS_DEPLOYMENT_TARGET = 15.5;
				MTL_ENABLE_DEBUG_INFO = NO;
				MTL_FAST_MATH = YES;
				SDKROOT = iphoneos;
				SWIFT_COMPILATION_MODE = wholemodule;
				SWIFT_OPTIMIZATION_LEVEL = "-O";
				VALIDATE_PRODUCT = YES;
			};
			name = Release;
		};
		ADD4673329C54BD700717EDF /* Debug */ = {
			isa = XCBuildConfiguration;
			buildSettings = {
				ASSETCATALOG_COMPILER_APPICON_NAME = AppIcon;
				ASSETCATALOG_COMPILER_GLOBAL_ACCENT_COLOR_NAME = AccentColor;
				CODE_SIGN_STYLE = Automatic;
				CURRENT_PROJECT_VERSION = 1;
				DEVELOPMENT_ASSET_PATHS = "\"Music_waves/Preview Content\"";
				DEVELOPMENT_TEAM = 77MS74BG3H;
				ENABLE_PREVIEWS = YES;
				GENERATE_INFOPLIST_FILE = YES;
				INFOPLIST_KEY_UIApplicationSceneManifest_Generation = YES;
				INFOPLIST_KEY_UIApplicationSupportsIndirectInputEvents = YES;
				INFOPLIST_KEY_UILaunchScreen_Generation = YES;
				INFOPLIST_KEY_UISupportedInterfaceOrientations_iPad = "UIInterfaceOrientationPortrait UIInterfaceOrientationPortraitUpsideDown UIInterfaceOrientationLandscapeLeft UIInterfaceOrientationLandscapeRight";
				INFOPLIST_KEY_UISupportedInterfaceOrientations_iPhone = "UIInterfaceOrientationPortrait UIInterfaceOrientationLandscapeLeft UIInterfaceOrientationLandscapeRight";
				LD_RUNPATH_SEARCH_PATHS = (
					"$(inherited)",
					"@executable_path/Frameworks",
				);
				MARKETING_VERSION = 1.0;
				PRODUCT_BUNDLE_IDENTIFIER = "ca.georgian.saravjeetsingh.Music-waves";
				PRODUCT_NAME = "$(TARGET_NAME)";
				SWIFT_EMIT_LOC_STRINGS = YES;
				SWIFT_VERSION = 5.0;
				TARGETED_DEVICE_FAMILY = "1,2";
			};
			name = Debug;
		};
		ADD4673429C54BD700717EDF /* Release */ = {
			isa = XCBuildConfiguration;
			buildSettings = {
				ASSETCATALOG_COMPILER_APPICON_NAME = AppIcon;
				ASSETCATALOG_COMPILER_GLOBAL_ACCENT_COLOR_NAME = AccentColor;
				CODE_SIGN_STYLE = Automatic;
				CURRENT_PROJECT_VERSION = 1;
				DEVELOPMENT_ASSET_PATHS = "\"Music_waves/Preview Content\"";
				DEVELOPMENT_TEAM = 77MS74BG3H;
				ENABLE_PREVIEWS = YES;
				GENERATE_INFOPLIST_FILE = YES;
				INFOPLIST_KEY_UIApplicationSceneManifest_Generation = YES;
				INFOPLIST_KEY_UIApplicationSupportsIndirectInputEvents = YES;
				INFOPLIST_KEY_UILaunchScreen_Generation = YES;
				INFOPLIST_KEY_UISupportedInterfaceOrientations_iPad = "UIInterfaceOrientationPortrait UIInterfaceOrientationPortraitUpsideDown UIInterfaceOrientationLandscapeLeft UIInterfaceOrientationLandscapeRight";
				INFOPLIST_KEY_UISupportedInterfaceOrientations_iPhone = "UIInterfaceOrientationPortrait UIInterfaceOrientationLandscapeLeft UIInterfaceOrientationLandscapeRight";
				LD_RUNPATH_SEARCH_PATHS = (
					"$(inherited)",
					"@executable_path/Frameworks",
				);
				MARKETING_VERSION = 1.0;
				PRODUCT_BUNDLE_IDENTIFIER = "ca.georgian.saravjeetsingh.Music-waves";
				PRODUCT_NAME = "$(TARGET_NAME)";
				SWIFT_EMIT_LOC_STRINGS = YES;
				SWIFT_VERSION = 5.0;
				TARGETED_DEVICE_FAMILY = "1,2";
			};
			name = Release;
		};
		ADD4673629C54BD700717EDF /* Debug */ = {
			isa = XCBuildConfiguration;
			buildSettings = {
				ALWAYS_EMBED_SWIFT_STANDARD_LIBRARIES = YES;
				BUNDLE_LOADER = "$(TEST_HOST)";
				CODE_SIGN_STYLE = Automatic;
				CURRENT_PROJECT_VERSION = 1;
				DEVELOPMENT_TEAM = 77MS74BG3H;
				GENERATE_INFOPLIST_FILE = YES;
				IPHONEOS_DEPLOYMENT_TARGET = 15.5;
				MARKETING_VERSION = 1.0;
				PRODUCT_BUNDLE_IDENTIFIER = "ca.georgian.saravjeetsingh.Music-wavesTests";
				PRODUCT_NAME = "$(TARGET_NAME)";
				SWIFT_EMIT_LOC_STRINGS = NO;
				SWIFT_VERSION = 5.0;
				TARGETED_DEVICE_FAMILY = "1,2";
				TEST_HOST = "$(BUILT_PRODUCTS_DIR)/Music_waves.app/Music_waves";
			};
			name = Debug;
		};
		ADD4673729C54BD700717EDF /* Release */ = {
			isa = XCBuildConfiguration;
			buildSettings = {
				ALWAYS_EMBED_SWIFT_STANDARD_LIBRARIES = YES;
				BUNDLE_LOADER = "$(TEST_HOST)";
				CODE_SIGN_STYLE = Automatic;
				CURRENT_PROJECT_VERSION = 1;
				DEVELOPMENT_TEAM = 77MS74BG3H;
				GENERATE_INFOPLIST_FILE = YES;
				IPHONEOS_DEPLOYMENT_TARGET = 15.5;
				MARKETING_VERSION = 1.0;
				PRODUCT_BUNDLE_IDENTIFIER = "ca.georgian.saravjeetsingh.Music-wavesTests";
				PRODUCT_NAME = "$(TARGET_NAME)";
				SWIFT_EMIT_LOC_STRINGS = NO;
				SWIFT_VERSION = 5.0;
				TARGETED_DEVICE_FAMILY = "1,2";
				TEST_HOST = "$(BUILT_PRODUCTS_DIR)/Music_waves.app/Music_waves";
			};
			name = Release;
		};
		ADD4673929C54BD700717EDF /* Debug */ = {
			isa = XCBuildConfiguration;
			buildSettings = {
				ALWAYS_EMBED_SWIFT_STANDARD_LIBRARIES = YES;
				CODE_SIGN_STYLE = Automatic;
				CURRENT_PROJECT_VERSION = 1;
				DEVELOPMENT_TEAM = 77MS74BG3H;
				GENERATE_INFOPLIST_FILE = YES;
				MARKETING_VERSION = 1.0;
				PRODUCT_BUNDLE_IDENTIFIER = "ca.georgian.saravjeetsingh.Music-wavesUITests";
				PRODUCT_NAME = "$(TARGET_NAME)";
				SWIFT_EMIT_LOC_STRINGS = NO;
				SWIFT_VERSION = 5.0;
				TARGETED_DEVICE_FAMILY = "1,2";
				TEST_TARGET_NAME = Music_waves;
			};
			name = Debug;
		};
		ADD4673A29C54BD700717EDF /* Release */ = {
			isa = XCBuildConfiguration;
			buildSettings = {
				ALWAYS_EMBED_SWIFT_STANDARD_LIBRARIES = YES;
				CODE_SIGN_STYLE = Automatic;
				CURRENT_PROJECT_VERSION = 1;
				DEVELOPMENT_TEAM = 77MS74BG3H;
				GENERATE_INFOPLIST_FILE = YES;
				MARKETING_VERSION = 1.0;
				PRODUCT_BUNDLE_IDENTIFIER = "ca.georgian.saravjeetsingh.Music-wavesUITests";
				PRODUCT_NAME = "$(TARGET_NAME)";
				SWIFT_EMIT_LOC_STRINGS = NO;
				SWIFT_VERSION = 5.0;
				TARGETED_DEVICE_FAMILY = "1,2";
				TEST_TARGET_NAME = Music_waves;
			};
			name = Release;
		};
/* End XCBuildConfiguration section */

/* Begin XCConfigurationList section */
		ADD4670929C54BD400717EDF /* Build configuration list for PBXProject "Music_waves" */ = {
			isa = XCConfigurationList;
			buildConfigurations = (
				ADD4673029C54BD700717EDF /* Debug */,
				ADD4673129C54BD700717EDF /* Release */,
			);
			defaultConfigurationIsVisible = 0;
			defaultConfigurationName = Release;
		};
		ADD4673229C54BD700717EDF /* Build configuration list for PBXNativeTarget "Music_waves" */ = {
			isa = XCConfigurationList;
			buildConfigurations = (
				ADD4673329C54BD700717EDF /* Debug */,
				ADD4673429C54BD700717EDF /* Release */,
			);
			defaultConfigurationIsVisible = 0;
			defaultConfigurationName = Release;
		};
		ADD4673529C54BD700717EDF /* Build configuration list for PBXNativeTarget "Music_wavesTests" */ = {
			isa = XCConfigurationList;
			buildConfigurations = (
				ADD4673629C54BD700717EDF /* Debug */,
				ADD4673729C54BD700717EDF /* Release */,
			);
			defaultConfigurationIsVisible = 0;
			defaultConfigurationName = Release;
		};
		ADD4673829C54BD700717EDF /* Build configuration list for PBXNativeTarget "Music_wavesUITests" */ = {
			isa = XCConfigurationList;
			buildConfigurations = (
				ADD4673929C54BD700717EDF /* Debug */,
				ADD4673A29C54BD700717EDF /* Release */,
			);
			defaultConfigurationIsVisible = 0;
			defaultConfigurationName = Release;
		};
/* End XCConfigurationList section */
	};
	rootObject = ADD4670629C54BD400717EDF /* Project object */;
}
