// !$*UTF8*$!
{
	archiveVersion = 1;
	classes = {
	};
	objectVersion = 55;
	objects = {

/* Begin PBXBuildFile section */
		AD47D7D129E1F11400963241 /* meditation2.mp3 in Resources */ = {isa = PBXBuildFile; fileRef = AD47D7D029E1F11400963241 /* meditation2.mp3 */; };
		AD47D7D329E1F11E00963241 /* meditation3.mp3 in Resources */ = {isa = PBXBuildFile; fileRef = AD47D7D229E1F11E00963241 /* meditation3.mp3 */; };
		AD47D7D529E1F12300963241 /* meditation4.mp3 in Resources */ = {isa = PBXBuildFile; fileRef = AD47D7D429E1F12300963241 /* meditation4.mp3 */; };
		AD47D7D829E1F12F00963241 /* meditation5.mp3 in Resources */ = {isa = PBXBuildFile; fileRef = AD47D7D629E1F12F00963241 /* meditation5.mp3 */; };
		AD47D7D929E1F12F00963241 /* meditation6.mp3 in Resources */ = {isa = PBXBuildFile; fileRef = AD47D7D729E1F12F00963241 /* meditation6.mp3 */; };
		AD47D7DB29E1F13700963241 /* meditation7.mp3 in Resources */ = {isa = PBXBuildFile; fileRef = AD47D7DA29E1F13700963241 /* meditation7.mp3 */; };
		AD47D7DD29E1F19B00963241 /* MeditationListView.swift in Sources */ = {isa = PBXBuildFile; fileRef = AD47D7DC29E1F19B00963241 /* MeditationListView.swift */; };
		AD47D7DF29E1F1FE00963241 /* MeditationMusicModel.swift in Sources */ = {isa = PBXBuildFile; fileRef = AD47D7DE29E1F1FE00963241 /* MeditationMusicModel.swift */; };
		AD47D7E729E1F3A300963241 /* WidgetKit.framework in Frameworks */ = {isa = PBXBuildFile; fileRef = AD47D7E629E1F3A300963241 /* WidgetKit.framework */; };
		AD47D7E929E1F3A300963241 /* SwiftUI.framework in Frameworks */ = {isa = PBXBuildFile; fileRef = AD47D7E829E1F3A300963241 /* SwiftUI.framework */; };
		AD47D7EC29E1F3A300963241 /* MusicWaveWidget.swift in Sources */ = {isa = PBXBuildFile; fileRef = AD47D7EB29E1F3A300963241 /* MusicWaveWidget.swift */; };
		AD47D7EF29E1F3A400963241 /* Assets.xcassets in Resources */ = {isa = PBXBuildFile; fileRef = AD47D7EE29E1F3A400963241 /* Assets.xcassets */; };
		AD47D7F129E1F3A400963241 /* MusicWaveWidget.intentdefinition in Sources */ = {isa = PBXBuildFile; fileRef = AD47D7ED29E1F3A300963241 /* MusicWaveWidget.intentdefinition */; };
		AD47D7F229E1F3A400963241 /* MusicWaveWidget.intentdefinition in Sources */ = {isa = PBXBuildFile; fileRef = AD47D7ED29E1F3A300963241 /* MusicWaveWidget.intentdefinition */; };
		AD47D7F529E1F3A400963241 /* MusicWaveWidgetExtension.appex in Embed App Extensions */ = {isa = PBXBuildFile; fileRef = AD47D7E429E1F3A200963241 /* MusicWaveWidgetExtension.appex */; settings = {ATTRIBUTES = (RemoveHeadersOnCopy, ); }; };
		AD82A97729DD09850081960D /* ProfileScreen.swift in Sources */ = {isa = PBXBuildFile; fileRef = AD82A97629DD09850081960D /* ProfileScreen.swift */; };
		AD82A97929DD0DF70081960D /* NavigationScreen.swift in Sources */ = {isa = PBXBuildFile; fileRef = AD82A97829DD0DF70081960D /* NavigationScreen.swift */; };
		AD82A97B29DD0E6D0081960D /* MotivationVideoScreen.swift in Sources */ = {isa = PBXBuildFile; fileRef = AD82A97A29DD0E6D0081960D /* MotivationVideoScreen.swift */; };
		AD82A97F29DD0EC20081960D /* LiveChatScreen.swift in Sources */ = {isa = PBXBuildFile; fileRef = AD82A97E29DD0EC20081960D /* LiveChatScreen.swift */; };
		AD8CE0D629D9132400E37E07 /* RegisterScreen.swift in Sources */ = {isa = PBXBuildFile; fileRef = AD8CE0D529D9132400E37E07 /* RegisterScreen.swift */; };
		AD8CE0D829D916CA00E37E07 /* MainScreen.swift in Sources */ = {isa = PBXBuildFile; fileRef = AD8CE0D729D916CA00E37E07 /* MainScreen.swift */; };
		AD8D31C529E0AF4D00BD5AF0 /* MeditaitonMusicScreen.swift in Sources */ = {isa = PBXBuildFile; fileRef = AD8D31C429E0AF4D00BD5AF0 /* MeditaitonMusicScreen.swift */; };
		AD8D31C729E0AF8C00BD5AF0 /* PlayerView.swift in Sources */ = {isa = PBXBuildFile; fileRef = AD8D31C629E0AF8C00BD5AF0 /* PlayerView.swift */; };
		AD8D31C929E0BC7200BD5AF0 /* PlayBackControlButton.swift in Sources */ = {isa = PBXBuildFile; fileRef = AD8D31C829E0BC7200BD5AF0 /* PlayBackControlButton.swift */; };
		AD8D31CB29E0C0F500BD5AF0 /* MeditationViewModel.swift in Sources */ = {isa = PBXBuildFile; fileRef = AD8D31CA29E0C0F500BD5AF0 /* MeditationViewModel.swift */; };
		AD8D31CD29E0C47800BD5AF0 /* Extensions.swift in Sources */ = {isa = PBXBuildFile; fileRef = AD8D31CC29E0C47800BD5AF0 /* Extensions.swift */; };
		AD8D31CF29E0C8B500BD5AF0 /* AudioManager.swift in Sources */ = {isa = PBXBuildFile; fileRef = AD8D31CE29E0C8B500BD5AF0 /* AudioManager.swift */; };
		AD8D31D229E0CD4500BD5AF0 /* meditation1.mp3 in Resources */ = {isa = PBXBuildFile; fileRef = AD8D31D129E0CD4500BD5AF0 /* meditation1.mp3 */; };
		AD91490129D0DBD100A7B78C /* UserStateViewModel.swift in Sources */ = {isa = PBXBuildFile; fileRef = AD91490029D0DBD100A7B78C /* UserStateViewModel.swift */; };
		AD91490329D0DC4300A7B78C /* ApplicationSwitcher.swift in Sources */ = {isa = PBXBuildFile; fileRef = AD91490229D0DC4300A7B78C /* ApplicationSwitcher.swift */; };
		AD91490529D0E6DA00A7B78C /* LoginScreen.swift in Sources */ = {isa = PBXBuildFile; fileRef = AD91490429D0E6DA00A7B78C /* LoginScreen.swift */; };
		AD91490729D0E72000A7B78C /* HomeScreen.swift in Sources */ = {isa = PBXBuildFile; fileRef = AD91490629D0E72000A7B78C /* HomeScreen.swift */; };
		ADD4671229C54BD400717EDF /* Music_wavesApp.swift in Sources */ = {isa = PBXBuildFile; fileRef = ADD4671129C54BD400717EDF /* Music_wavesApp.swift */; };
		ADD4671629C54BD700717EDF /* Assets.xcassets in Resources */ = {isa = PBXBuildFile; fileRef = ADD4671529C54BD700717EDF /* Assets.xcassets */; };
		ADD4671929C54BD700717EDF /* Preview Assets.xcassets in Resources */ = {isa = PBXBuildFile; fileRef = ADD4671829C54BD700717EDF /* Preview Assets.xcassets */; };
		ADD4672329C54BD700717EDF /* Music_wavesTests.swift in Sources */ = {isa = PBXBuildFile; fileRef = ADD4672229C54BD700717EDF /* Music_wavesTests.swift */; };
		ADD4672D29C54BD700717EDF /* Music_wavesUITests.swift in Sources */ = {isa = PBXBuildFile; fileRef = ADD4672C29C54BD700717EDF /* Music_wavesUITests.swift */; };
		ADD4672F29C54BD700717EDF /* Music_wavesUITestsLaunchTests.swift in Sources */ = {isa = PBXBuildFile; fileRef = ADD4672E29C54BD700717EDF /* Music_wavesUITestsLaunchTests.swift */; };
		ADE5BC1729DA51B300305455 /* GoogleService-Info.plist in Resources */ = {isa = PBXBuildFile; fileRef = ADE5BC1629DA51B300305455 /* GoogleService-Info.plist */; };
		ADE5BC1A29DA5F9100305455 /* FirebaseAuth in Frameworks */ = {isa = PBXBuildFile; productRef = ADE5BC1929DA5F9100305455 /* FirebaseAuth */; };
		ADE5BC1C29DA5F9100305455 /* FirebaseFirestore in Frameworks */ = {isa = PBXBuildFile; productRef = ADE5BC1B29DA5F9100305455 /* FirebaseFirestore */; };
		ADE5BC1E29DA69DD00305455 /* LaunchScreen.swift in Sources */ = {isa = PBXBuildFile; fileRef = ADE5BC1D29DA69DD00305455 /* LaunchScreen.swift */; };
/* End PBXBuildFile section */

/* Begin PBXContainerItemProxy section */
		AD47D7F329E1F3A400963241 /* PBXContainerItemProxy */ = {
			isa = PBXContainerItemProxy;
			containerPortal = ADD4670629C54BD400717EDF /* Project object */;
			proxyType = 1;
			remoteGlobalIDString = AD47D7E329E1F3A200963241;
			remoteInfo = MusicWaveWidgetExtension;
		};
		ADD4671F29C54BD700717EDF /* PBXContainerItemProxy */ = {
			isa = PBXContainerItemProxy;
			containerPortal = ADD4670629C54BD400717EDF /* Project object */;
			proxyType = 1;
			remoteGlobalIDString = ADD4670D29C54BD400717EDF;
			remoteInfo = Music_waves;
		};
		ADD4672929C54BD700717EDF /* PBXContainerItemProxy */ = {
			isa = PBXContainerItemProxy;
			containerPortal = ADD4670629C54BD400717EDF /* Project object */;
			proxyType = 1;
			remoteGlobalIDString = ADD4670D29C54BD400717EDF;
			remoteInfo = Music_waves;
		};
/* End PBXContainerItemProxy section */

/* Begin PBXCopyFilesBuildPhase section */
		AD47D7F929E1F3A400963241 /* Embed App Extensions */ = {
			isa = PBXCopyFilesBuildPhase;
			buildActionMask = 2147483647;
			dstPath = "";
			dstSubfolderSpec = 13;
			files = (
				AD47D7F529E1F3A400963241 /* MusicWaveWidgetExtension.appex in Embed App Extensions */,
			);
			name = "Embed App Extensions";
			runOnlyForDeploymentPostprocessing = 0;
		};
/* End PBXCopyFilesBuildPhase section */

/* Begin PBXFileReference section */
		AD47D7D029E1F11400963241 /* meditation2.mp3 */ = {isa = PBXFileReference; lastKnownFileType = audio.mp3; path = meditation2.mp3; sourceTree = "<group>"; };
		AD47D7D229E1F11E00963241 /* meditation3.mp3 */ = {isa = PBXFileReference; lastKnownFileType = audio.mp3; path = meditation3.mp3; sourceTree = "<group>"; };
		AD47D7D429E1F12300963241 /* meditation4.mp3 */ = {isa = PBXFileReference; lastKnownFileType = audio.mp3; path = meditation4.mp3; sourceTree = "<group>"; };
		AD47D7D629E1F12F00963241 /* meditation5.mp3 */ = {isa = PBXFileReference; lastKnownFileType = audio.mp3; path = meditation5.mp3; sourceTree = "<group>"; };
		AD47D7D729E1F12F00963241 /* meditation6.mp3 */ = {isa = PBXFileReference; lastKnownFileType = audio.mp3; path = meditation6.mp3; sourceTree = "<group>"; };
		AD47D7DA29E1F13700963241 /* meditation7.mp3 */ = {isa = PBXFileReference; lastKnownFileType = audio.mp3; path = meditation7.mp3; sourceTree = "<group>"; };
		AD47D7DC29E1F19B00963241 /* MeditationListView.swift */ = {isa = PBXFileReference; lastKnownFileType = sourcecode.swift; path = MeditationListView.swift; sourceTree = "<group>"; };
		AD47D7DE29E1F1FE00963241 /* MeditationMusicModel.swift */ = {isa = PBXFileReference; lastKnownFileType = sourcecode.swift; path = MeditationMusicModel.swift; sourceTree = "<group>"; };
		AD47D7E429E1F3A200963241 /* MusicWaveWidgetExtension.appex */ = {isa = PBXFileReference; explicitFileType = "wrapper.app-extension"; includeInIndex = 0; path = MusicWaveWidgetExtension.appex; sourceTree = BUILT_PRODUCTS_DIR; };
		AD47D7E629E1F3A300963241 /* WidgetKit.framework */ = {isa = PBXFileReference; lastKnownFileType = wrapper.framework; name = WidgetKit.framework; path = System/Library/Frameworks/WidgetKit.framework; sourceTree = SDKROOT; };
		AD47D7E829E1F3A300963241 /* SwiftUI.framework */ = {isa = PBXFileReference; lastKnownFileType = wrapper.framework; name = SwiftUI.framework; path = System/Library/Frameworks/SwiftUI.framework; sourceTree = SDKROOT; };
		AD47D7EB29E1F3A300963241 /* MusicWaveWidget.swift */ = {isa = PBXFileReference; lastKnownFileType = sourcecode.swift; path = MusicWaveWidget.swift; sourceTree = "<group>"; };
		AD47D7ED29E1F3A300963241 /* MusicWaveWidget.intentdefinition */ = {isa = PBXFileReference; lastKnownFileType = file.intentdefinition; path = MusicWaveWidget.intentdefinition; sourceTree = "<group>"; };
		AD47D7EE29E1F3A400963241 /* Assets.xcassets */ = {isa = PBXFileReference; lastKnownFileType = folder.assetcatalog; path = Assets.xcassets; sourceTree = "<group>"; };
		AD47D7F029E1F3A400963241 /* Info.plist */ = {isa = PBXFileReference; lastKnownFileType = text.plist.xml; path = Info.plist; sourceTree = "<group>"; };
		AD82A97629DD09850081960D /* ProfileScreen.swift */ = {isa = PBXFileReference; lastKnownFileType = sourcecode.swift; path = ProfileScreen.swift; sourceTree = "<group>"; };
		AD82A97829DD0DF70081960D /* NavigationScreen.swift */ = {isa = PBXFileReference; lastKnownFileType = sourcecode.swift; path = NavigationScreen.swift; sourceTree = "<group>"; };
		AD82A97A29DD0E6D0081960D /* MotivationVideoScreen.swift */ = {isa = PBXFileReference; lastKnownFileType = sourcecode.swift; path = MotivationVideoScreen.swift; sourceTree = "<group>"; };
		AD82A97E29DD0EC20081960D /* LiveChatScreen.swift */ = {isa = PBXFileReference; lastKnownFileType = sourcecode.swift; path = LiveChatScreen.swift; sourceTree = "<group>"; };
		AD8CE0D529D9132400E37E07 /* RegisterScreen.swift */ = {isa = PBXFileReference; lastKnownFileType = sourcecode.swift; path = RegisterScreen.swift; sourceTree = "<group>"; };
		AD8CE0D729D916CA00E37E07 /* MainScreen.swift */ = {isa = PBXFileReference; lastKnownFileType = sourcecode.swift; path = MainScreen.swift; sourceTree = "<group>"; };
		AD8D31C429E0AF4D00BD5AF0 /* MeditaitonMusicScreen.swift */ = {isa = PBXFileReference; lastKnownFileType = sourcecode.swift; path = MeditaitonMusicScreen.swift; sourceTree = "<group>"; };
		AD8D31C629E0AF8C00BD5AF0 /* PlayerView.swift */ = {isa = PBXFileReference; lastKnownFileType = sourcecode.swift; path = PlayerView.swift; sourceTree = "<group>"; };
		AD8D31C829E0BC7200BD5AF0 /* PlayBackControlButton.swift */ = {isa = PBXFileReference; lastKnownFileType = sourcecode.swift; path = PlayBackControlButton.swift; sourceTree = "<group>"; };
		AD8D31CA29E0C0F500BD5AF0 /* MeditationViewModel.swift */ = {isa = PBXFileReference; lastKnownFileType = sourcecode.swift; path = MeditationViewModel.swift; sourceTree = "<group>"; };
		AD8D31CC29E0C47800BD5AF0 /* Extensions.swift */ = {isa = PBXFileReference; lastKnownFileType = sourcecode.swift; path = Extensions.swift; sourceTree = "<group>"; };
		AD8D31CE29E0C8B500BD5AF0 /* AudioManager.swift */ = {isa = PBXFileReference; lastKnownFileType = sourcecode.swift; path = AudioManager.swift; sourceTree = "<group>"; };
		AD8D31D129E0CD4500BD5AF0 /* meditation1.mp3 */ = {isa = PBXFileReference; lastKnownFileType = audio.mp3; path = meditation1.mp3; sourceTree = "<group>"; };
		AD8D31D329E0CDC400BD5AF0 /* Music-waves-Info.plist */ = {isa = PBXFileReference; lastKnownFileType = text.plist; path = "Music-waves-Info.plist"; sourceTree = SOURCE_ROOT; };
		AD91490029D0DBD100A7B78C /* UserStateViewModel.swift */ = {isa = PBXFileReference; lastKnownFileType = sourcecode.swift; path = UserStateViewModel.swift; sourceTree = "<group>"; };
		AD91490229D0DC4300A7B78C /* ApplicationSwitcher.swift */ = {isa = PBXFileReference; lastKnownFileType = sourcecode.swift; path = ApplicationSwitcher.swift; sourceTree = "<group>"; };
		AD91490429D0E6DA00A7B78C /* LoginScreen.swift */ = {isa = PBXFileReference; lastKnownFileType = sourcecode.swift; path = LoginScreen.swift; sourceTree = "<group>"; };
		AD91490629D0E72000A7B78C /* HomeScreen.swift */ = {isa = PBXFileReference; lastKnownFileType = sourcecode.swift; path = HomeScreen.swift; sourceTree = "<group>"; };
		ADD4670E29C54BD400717EDF /* Music_waves.app */ = {isa = PBXFileReference; explicitFileType = wrapper.application; includeInIndex = 0; path = Music_waves.app; sourceTree = BUILT_PRODUCTS_DIR; };
		ADD4671129C54BD400717EDF /* Music_wavesApp.swift */ = {isa = PBXFileReference; lastKnownFileType = sourcecode.swift; path = Music_wavesApp.swift; sourceTree = "<group>"; };
		ADD4671529C54BD700717EDF /* Assets.xcassets */ = {isa = PBXFileReference; lastKnownFileType = folder.assetcatalog; path = Assets.xcassets; sourceTree = "<group>"; };
		ADD4671829C54BD700717EDF /* Preview Assets.xcassets */ = {isa = PBXFileReference; lastKnownFileType = folder.assetcatalog; path = "Preview Assets.xcassets"; sourceTree = "<group>"; };
		ADD4671E29C54BD700717EDF /* Music_wavesTests.xctest */ = {isa = PBXFileReference; explicitFileType = wrapper.cfbundle; includeInIndex = 0; path = Music_wavesTests.xctest; sourceTree = BUILT_PRODUCTS_DIR; };
		ADD4672229C54BD700717EDF /* Music_wavesTests.swift */ = {isa = PBXFileReference; lastKnownFileType = sourcecode.swift; path = Music_wavesTests.swift; sourceTree = "<group>"; };
		ADD4672829C54BD700717EDF /* Music_wavesUITests.xctest */ = {isa = PBXFileReference; explicitFileType = wrapper.cfbundle; includeInIndex = 0; path = Music_wavesUITests.xctest; sourceTree = BUILT_PRODUCTS_DIR; };
		ADD4672C29C54BD700717EDF /* Music_wavesUITests.swift */ = {isa = PBXFileReference; lastKnownFileType = sourcecode.swift; path = Music_wavesUITests.swift; sourceTree = "<group>"; };
		ADD4672E29C54BD700717EDF /* Music_wavesUITestsLaunchTests.swift */ = {isa = PBXFileReference; lastKnownFileType = sourcecode.swift; path = Music_wavesUITestsLaunchTests.swift; sourceTree = "<group>"; };
		ADE5BC1629DA51B300305455 /* GoogleService-Info.plist */ = {isa = PBXFileReference; fileEncoding = 4; lastKnownFileType = text.plist.xml; name = "GoogleService-Info.plist"; path = "../../../../../Downloads/GoogleService-Info.plist"; sourceTree = "<group>"; };
		ADE5BC1D29DA69DD00305455 /* LaunchScreen.swift */ = {isa = PBXFileReference; lastKnownFileType = sourcecode.swift; path = LaunchScreen.swift; sourceTree = "<group>"; };
/* End PBXFileReference section */

/* Begin PBXFrameworksBuildPhase section */
		AD47D7E129E1F3A200963241 /* Frameworks */ = {
			isa = PBXFrameworksBuildPhase;
			buildActionMask = 2147483647;
			files = (
				AD47D7E929E1F3A300963241 /* SwiftUI.framework in Frameworks */,
				AD47D7E729E1F3A300963241 /* WidgetKit.framework in Frameworks */,
			);
			runOnlyForDeploymentPostprocessing = 0;
		};
		ADD4670B29C54BD400717EDF /* Frameworks */ = {
			isa = PBXFrameworksBuildPhase;
			buildActionMask = 2147483647;
			files = (
				ADE5BC1A29DA5F9100305455 /* FirebaseAuth in Frameworks */,
				ADE5BC1C29DA5F9100305455 /* FirebaseFirestore in Frameworks */,
			);
			runOnlyForDeploymentPostprocessing = 0;
		};
		ADD4671B29C54BD700717EDF /* Frameworks */ = {
			isa = PBXFrameworksBuildPhase;
			buildActionMask = 2147483647;
			files = (
			);
			runOnlyForDeploymentPostprocessing = 0;
		};
		ADD4672529C54BD700717EDF /* Frameworks */ = {
			isa = PBXFrameworksBuildPhase;
			buildActionMask = 2147483647;
			files = (
			);
			runOnlyForDeploymentPostprocessing = 0;
		};
/* End PBXFrameworksBuildPhase section */

/* Begin PBXGroup section */
		AD47D7E529E1F3A300963241 /* Frameworks */ = {
			isa = PBXGroup;
			children = (
				AD47D7E629E1F3A300963241 /* WidgetKit.framework */,
				AD47D7E829E1F3A300963241 /* SwiftUI.framework */,
			);
			name = Frameworks;
			sourceTree = "<group>";
		};
		AD47D7EA29E1F3A300963241 /* MusicWaveWidget */ = {
			isa = PBXGroup;
			children = (
				AD47D7EB29E1F3A300963241 /* MusicWaveWidget.swift */,
				AD47D7ED29E1F3A300963241 /* MusicWaveWidget.intentdefinition */,
				AD47D7EE29E1F3A400963241 /* Assets.xcassets */,
				AD47D7F029E1F3A400963241 /* Info.plist */,
			);
			path = MusicWaveWidget;
			sourceTree = "<group>";
		};
		AD8D31C329E0AF3200BD5AF0 /* MediationMusic */ = {
			isa = PBXGroup;
			children = (
				AD8D31C429E0AF4D00BD5AF0 /* MeditaitonMusicScreen.swift */,
				AD47D7DC29E1F19B00963241 /* MeditationListView.swift */,
				AD8D31C829E0BC7200BD5AF0 /* PlayBackControlButton.swift */,
				AD47D7DE29E1F1FE00963241 /* MeditationMusicModel.swift */,
				AD8D31C629E0AF8C00BD5AF0 /* PlayerView.swift */,
				AD8D31CA29E0C0F500BD5AF0 /* MeditationViewModel.swift */,
			);
			path = MediationMusic;
			sourceTree = "<group>";
		};
		ADD4670529C54BD400717EDF = {
			isa = PBXGroup;
			children = (
				ADD4671029C54BD400717EDF /* Music_waves */,
				ADD4672129C54BD700717EDF /* Music_wavesTests */,
				ADD4672B29C54BD700717EDF /* Music_wavesUITests */,
				AD47D7EA29E1F3A300963241 /* MusicWaveWidget */,
				AD47D7E529E1F3A300963241 /* Frameworks */,
				ADD4670F29C54BD400717EDF /* Products */,
			);
			sourceTree = "<group>";
		};
		ADD4670F29C54BD400717EDF /* Products */ = {
			isa = PBXGroup;
			children = (
				ADD4670E29C54BD400717EDF /* Music_waves.app */,
				ADD4671E29C54BD700717EDF /* Music_wavesTests.xctest */,
				ADD4672829C54BD700717EDF /* Music_wavesUITests.xctest */,
				AD47D7E429E1F3A200963241 /* MusicWaveWidgetExtension.appex */,
			);
			name = Products;
			sourceTree = "<group>";
		};
		ADD4671029C54BD400717EDF /* Music_waves */ = {
			isa = PBXGroup;
			children = (
				AD8D31D329E0CDC400BD5AF0 /* Music-waves-Info.plist */,
				ADD4671129C54BD400717EDF /* Music_wavesApp.swift */,
				AD91490429D0E6DA00A7B78C /* LoginScreen.swift */,
				AD91490629D0E72000A7B78C /* HomeScreen.swift */,
				AD82A97829DD0DF70081960D /* NavigationScreen.swift */,
				AD8D31CC29E0C47800BD5AF0 /* Extensions.swift */,
				AD8D31C329E0AF3200BD5AF0 /* MediationMusic */,
				AD82A97E29DD0EC20081960D /* LiveChatScreen.swift */,
				AD82A97A29DD0E6D0081960D /* MotivationVideoScreen.swift */,
				ADE5BC1629DA51B300305455 /* GoogleService-Info.plist */,
				AD91490029D0DBD100A7B78C /* UserStateViewModel.swift */,
				AD82A97629DD09850081960D /* ProfileScreen.swift */,
				AD91490229D0DC4300A7B78C /* ApplicationSwitcher.swift */,
				ADD4671529C54BD700717EDF /* Assets.xcassets */,
				AD8D31D129E0CD4500BD5AF0 /* meditation1.mp3 */,
				AD47D7D029E1F11400963241 /* meditation2.mp3 */,
				AD47D7D629E1F12F00963241 /* meditation5.mp3 */,
				AD47D7DA29E1F13700963241 /* meditation7.mp3 */,
				AD47D7D729E1F12F00963241 /* meditation6.mp3 */,
				AD47D7D429E1F12300963241 /* meditation4.mp3 */,
				AD47D7D229E1F11E00963241 /* meditation3.mp3 */,
				ADD4671729C54BD700717EDF /* Preview Content */,
				AD8CE0D529D9132400E37E07 /* RegisterScreen.swift */,
				AD8CE0D729D916CA00E37E07 /* MainScreen.swift */,
				ADE5BC1D29DA69DD00305455 /* LaunchScreen.swift */,
				AD8D31CE29E0C8B500BD5AF0 /* AudioManager.swift */,
			);
			path = Music_waves;
			sourceTree = "<group>";
		};
		ADD4671729C54BD700717EDF /* Preview Content */ = {
			isa = PBXGroup;
			children = (
				ADD4671829C54BD700717EDF /* Preview Assets.xcassets */,
			);
			path = "Preview Content";
			sourceTree = "<group>";
		};
		ADD4672129C54BD700717EDF /* Music_wavesTests */ = {
			isa = PBXGroup;
			children = (
				ADD4672229C54BD700717EDF /* Music_wavesTests.swift */,
			);
			path = Music_wavesTests;
			sourceTree = "<group>";
		};
		ADD4672B29C54BD700717EDF /* Music_wavesUITests */ = {
			isa = PBXGroup;
			children = (
				ADD4672C29C54BD700717EDF /* Music_wavesUITests.swift */,
				ADD4672E29C54BD700717EDF /* Music_wavesUITestsLaunchTests.swift */,
			);
			path = Music_wavesUITests;
			sourceTree = "<group>";
		};
/* End PBXGroup section */

/* Begin PBXNativeTarget section */
		AD47D7E329E1F3A200963241 /* MusicWaveWidgetExtension */ = {
			isa = PBXNativeTarget;
			buildConfigurationList = AD47D7F629E1F3A400963241 /* Build configuration list for PBXNativeTarget "MusicWaveWidgetExtension" */;
			buildPhases = (
				AD47D7E029E1F3A200963241 /* Sources */,
				AD47D7E129E1F3A200963241 /* Frameworks */,
				AD47D7E229E1F3A200963241 /* Resources */,
			);
			buildRules = (
			);
			dependencies = (
			);
			name = MusicWaveWidgetExtension;
			productName = MusicWaveWidgetExtension;
			productReference = AD47D7E429E1F3A200963241 /* MusicWaveWidgetExtension.appex */;
			productType = "com.apple.product-type.app-extension";
		};
		ADD4670D29C54BD400717EDF /* Music_waves */ = {
			isa = PBXNativeTarget;
			buildConfigurationList = ADD4673229C54BD700717EDF /* Build configuration list for PBXNativeTarget "Music_waves" */;
			buildPhases = (
				ADD4670A29C54BD400717EDF /* Sources */,
				ADD4670B29C54BD400717EDF /* Frameworks */,
				ADD4670C29C54BD400717EDF /* Resources */,
				AD47D7F929E1F3A400963241 /* Embed App Extensions */,
			);
			buildRules = (
			);
			dependencies = (
				AD47D7F429E1F3A400963241 /* PBXTargetDependency */,
			);
			name = Music_waves;
			packageProductDependencies = (
				ADE5BC1929DA5F9100305455 /* FirebaseAuth */,
				ADE5BC1B29DA5F9100305455 /* FirebaseFirestore */,
			);
			productName = Music_waves;
			productReference = ADD4670E29C54BD400717EDF /* Music_waves.app */;
			productType = "com.apple.product-type.application";
		};
		ADD4671D29C54BD700717EDF /* Music_wavesTests */ = {
			isa = PBXNativeTarget;
			buildConfigurationList = ADD4673529C54BD700717EDF /* Build configuration list for PBXNativeTarget "Music_wavesTests" */;
			buildPhases = (
				ADD4671A29C54BD700717EDF /* Sources */,
				ADD4671B29C54BD700717EDF /* Frameworks */,
				ADD4671C29C54BD700717EDF /* Resources */,
			);
			buildRules = (
			);
			dependencies = (
				ADD4672029C54BD700717EDF /* PBXTargetDependency */,
			);
			name = Music_wavesTests;
			productName = Music_wavesTests;
			productReference = ADD4671E29C54BD700717EDF /* Music_wavesTests.xctest */;
			productType = "com.apple.product-type.bundle.unit-test";
		};
		ADD4672729C54BD700717EDF /* Music_wavesUITests */ = {
			isa = PBXNativeTarget;
			buildConfigurationList = ADD4673829C54BD700717EDF /* Build configuration list for PBXNativeTarget "Music_wavesUITests" */;
			buildPhases = (
				ADD4672429C54BD700717EDF /* Sources */,
				ADD4672529C54BD700717EDF /* Frameworks */,
				ADD4672629C54BD700717EDF /* Resources */,
			);
			buildRules = (
			);
			dependencies = (
				ADD4672A29C54BD700717EDF /* PBXTargetDependency */,
			);
			name = Music_wavesUITests;
			productName = Music_wavesUITests;
			productReference = ADD4672829C54BD700717EDF /* Music_wavesUITests.xctest */;
			productType = "com.apple.product-type.bundle.ui-testing";
		};
/* End PBXNativeTarget section */

/* Begin PBXProject section */
		ADD4670629C54BD400717EDF /* Project object */ = {
			isa = PBXProject;
			attributes = {
				BuildIndependentTargetsInParallel = 1;
				LastSwiftUpdateCheck = 1340;
				LastUpgradeCheck = 1340;
				TargetAttributes = {
					AD47D7E329E1F3A200963241 = {
						CreatedOnToolsVersion = 13.4.1;
					};
					ADD4670D29C54BD400717EDF = {
						CreatedOnToolsVersion = 13.4.1;
					};
					ADD4671D29C54BD700717EDF = {
						CreatedOnToolsVersion = 13.4.1;
						TestTargetID = ADD4670D29C54BD400717EDF;
					};
					ADD4672729C54BD700717EDF = {
						CreatedOnToolsVersion = 13.4.1;
						TestTargetID = ADD4670D29C54BD400717EDF;
					};
				};
			};
			buildConfigurationList = ADD4670929C54BD400717EDF /* Build configuration list for PBXProject "Music_waves" */;
			compatibilityVersion = "Xcode 13.0";
			developmentRegion = en;
			hasScannedForEncodings = 0;
			knownRegions = (
				en,
				Base,
			);
			mainGroup = ADD4670529C54BD400717EDF;
			packageReferences = (
				ADE5BC1829DA5F9100305455 /* XCRemoteSwiftPackageReference "firebase-ios-sdk" */,
			);
			productRefGroup = ADD4670F29C54BD400717EDF /* Products */;
			projectDirPath = "";
			projectRoot = "";
			targets = (
				ADD4670D29C54BD400717EDF /* Music_waves */,
				ADD4671D29C54BD700717EDF /* Music_wavesTests */,
				ADD4672729C54BD700717EDF /* Music_wavesUITests */,
				AD47D7E329E1F3A200963241 /* MusicWaveWidgetExtension */,
			);
		};
/* End PBXProject section */

/* Begin PBXResourcesBuildPhase section */
		AD47D7E229E1F3A200963241 /* Resources */ = {
			isa = PBXResourcesBuildPhase;
			buildActionMask = 2147483647;
			files = (
				AD47D7EF29E1F3A400963241 /* Assets.xcassets in Resources */,
			);
			runOnlyForDeploymentPostprocessing = 0;
		};
		ADD4670C29C54BD400717EDF /* Resources */ = {
			isa = PBXResourcesBuildPhase;
			buildActionMask = 2147483647;
			files = (
				AD47D7D929E1F12F00963241 /* meditation6.mp3 in Resources */,
				AD47D7D829E1F12F00963241 /* meditation5.mp3 in Resources */,
				AD47D7DB29E1F13700963241 /* meditation7.mp3 in Resources */,
				AD47D7D329E1F11E00963241 /* meditation3.mp3 in Resources */,
				AD8D31D229E0CD4500BD5AF0 /* meditation1.mp3 in Resources */,
				AD47D7D529E1F12300963241 /* meditation4.mp3 in Resources */,
				ADD4671929C54BD700717EDF /* Preview Assets.xcassets in Resources */,
				AD47D7D129E1F11400963241 /* meditation2.mp3 in Resources */,
				ADD4671629C54BD700717EDF /* Assets.xcassets in Resources */,
				ADE5BC1729DA51B300305455 /* GoogleService-Info.plist in Resources */,
			);
			runOnlyForDeploymentPostprocessing = 0;
		};
		ADD4671C29C54BD700717EDF /* Resources */ = {
			isa = PBXResourcesBuildPhase;
			buildActionMask = 2147483647;
			files = (
			);
			runOnlyForDeploymentPostprocessing = 0;
		};
		ADD4672629C54BD700717EDF /* Resources */ = {
			isa = PBXResourcesBuildPhase;
			buildActionMask = 2147483647;
			files = (
			);
			runOnlyForDeploymentPostprocessing = 0;
		};
/* End PBXResourcesBuildPhase section */

/* Begin PBXSourcesBuildPhase section */
		AD47D7E029E1F3A200963241 /* Sources */ = {
			isa = PBXSourcesBuildPhase;
			buildActionMask = 2147483647;
			files = (
				AD47D7F129E1F3A400963241 /* MusicWaveWidget.intentdefinition in Sources */,
				AD47D7EC29E1F3A300963241 /* MusicWaveWidget.swift in Sources */,
			);
			runOnlyForDeploymentPostprocessing = 0;
		};
		ADD4670A29C54BD400717EDF /* Sources */ = {
			isa = PBXSourcesBuildPhase;
			buildActionMask = 2147483647;
			files = (
				ADE5BC1E29DA69DD00305455 /* LaunchScreen.swift in Sources */,
				AD8D31C529E0AF4D00BD5AF0 /* MeditaitonMusicScreen.swift in Sources */,
				AD8CE0D829D916CA00E37E07 /* MainScreen.swift in Sources */,
				AD91490129D0DBD100A7B78C /* UserStateViewModel.swift in Sources */,
				AD8D31C929E0BC7200BD5AF0 /* PlayBackControlButton.swift in Sources */,
				AD82A97929DD0DF70081960D /* NavigationScreen.swift in Sources */,
				AD8D31CF29E0C8B500BD5AF0 /* AudioManager.swift in Sources */,
				AD91490329D0DC4300A7B78C /* ApplicationSwitcher.swift in Sources */,
				AD82A97729DD09850081960D /* ProfileScreen.swift in Sources */,
				AD47D7DD29E1F19B00963241 /* MeditationListView.swift in Sources */,
				AD91490729D0E72000A7B78C /* HomeScreen.swift in Sources */,
				AD82A97B29DD0E6D0081960D /* MotivationVideoScreen.swift in Sources */,
				AD8D31C729E0AF8C00BD5AF0 /* PlayerView.swift in Sources */,
				AD8CE0D629D9132400E37E07 /* RegisterScreen.swift in Sources */,
				AD47D7F229E1F3A400963241 /* MusicWaveWidget.intentdefinition in Sources */,
				AD82A97F29DD0EC20081960D /* LiveChatScreen.swift in Sources */,
				ADD4671229C54BD400717EDF /* Music_wavesApp.swift in Sources */,
				AD8D31CD29E0C47800BD5AF0 /* Extensions.swift in Sources */,
				AD47D7DF29E1F1FE00963241 /* MeditationMusicModel.swift in Sources */,
				AD8D31CB29E0C0F500BD5AF0 /* MeditationViewModel.swift in Sources */,
				AD91490529D0E6DA00A7B78C /* LoginScreen.swift in Sources */,
			);
			runOnlyForDeploymentPostprocessing = 0;
		};
		ADD4671A29C54BD700717EDF /* Sources */ = {
			isa = PBXSourcesBuildPhase;
			buildActionMask = 2147483647;
			files = (
				ADD4672329C54BD700717EDF /* Music_wavesTests.swift in Sources */,
			);
			runOnlyForDeploymentPostprocessing = 0;
		};
		ADD4672429C54BD700717EDF /* Sources */ = {
			isa = PBXSourcesBuildPhase;
			buildActionMask = 2147483647;
			files = (
				ADD4672D29C54BD700717EDF /* Music_wavesUITests.swift in Sources */,
				ADD4672F29C54BD700717EDF /* Music_wavesUITestsLaunchTests.swift in Sources */,
			);
			runOnlyForDeploymentPostprocessing = 0;
		};
/* End PBXSourcesBuildPhase section */

/* Begin PBXTargetDependency section */
		AD47D7F429E1F3A400963241 /* PBXTargetDependency */ = {
			isa = PBXTargetDependency;
			target = AD47D7E329E1F3A200963241 /* MusicWaveWidgetExtension */;
			targetProxy = AD47D7F329E1F3A400963241 /* PBXContainerItemProxy */;
		};
		ADD4672029C54BD700717EDF /* PBXTargetDependency */ = {
			isa = PBXTargetDependency;
			target = ADD4670D29C54BD400717EDF /* Music_waves */;
			targetProxy = ADD4671F29C54BD700717EDF /* PBXContainerItemProxy */;
		};
		ADD4672A29C54BD700717EDF /* PBXTargetDependency */ = {
			isa = PBXTargetDependency;
			target = ADD4670D29C54BD400717EDF /* Music_waves */;
			targetProxy = ADD4672929C54BD700717EDF /* PBXContainerItemProxy */;
		};
/* End PBXTargetDependency section */

/* Begin XCBuildConfiguration section */
		AD47D7F729E1F3A400963241 /* Debug */ = {
			isa = XCBuildConfiguration;
			buildSettings = {
				ASSETCATALOG_COMPILER_GLOBAL_ACCENT_COLOR_NAME = AccentColor;
				ASSETCATALOG_COMPILER_WIDGET_BACKGROUND_COLOR_NAME = WidgetBackground;
				CODE_SIGN_STYLE = Automatic;
				CURRENT_PROJECT_VERSION = 1;
				DEVELOPMENT_TEAM = 77MS74BG3H;
				GENERATE_INFOPLIST_FILE = YES;
				INFOPLIST_FILE = MusicWaveWidget/Info.plist;
				INFOPLIST_KEY_CFBundleDisplayName = MusicWaveWidget;
				INFOPLIST_KEY_NSHumanReadableCopyright = "";
				LD_RUNPATH_SEARCH_PATHS = (
					"$(inherited)",
					"@executable_path/Frameworks",
					"@executable_path/../../Frameworks",
				);
				MARKETING_VERSION = 1.0;
				PRODUCT_BUNDLE_IDENTIFIER = "ca.georgian.saravjeetsingh.Music-waves.MusicWaveWidget";
				PRODUCT_NAME = "$(TARGET_NAME)";
				SKIP_INSTALL = YES;
				SWIFT_EMIT_LOC_STRINGS = YES;
				SWIFT_VERSION = 5.0;
				TARGETED_DEVICE_FAMILY = "1,2";
			};
			name = Debug;
		};
		AD47D7F829E1F3A400963241 /* Release */ = {
			isa = XCBuildConfiguration;
			buildSettings = {
				ASSETCATALOG_COMPILER_GLOBAL_ACCENT_COLOR_NAME = AccentColor;
				ASSETCATALOG_COMPILER_WIDGET_BACKGROUND_COLOR_NAME = WidgetBackground;
				CODE_SIGN_STYLE = Automatic;
				CURRENT_PROJECT_VERSION = 1;
				DEVELOPMENT_TEAM = 77MS74BG3H;
				GENERATE_INFOPLIST_FILE = YES;
				INFOPLIST_FILE = MusicWaveWidget/Info.plist;
				INFOPLIST_KEY_CFBundleDisplayName = MusicWaveWidget;
				INFOPLIST_KEY_NSHumanReadableCopyright = "";
				LD_RUNPATH_SEARCH_PATHS = (
					"$(inherited)",
					"@executable_path/Frameworks",
					"@executable_path/../../Frameworks",
				);
				MARKETING_VERSION = 1.0;
				PRODUCT_BUNDLE_IDENTIFIER = "ca.georgian.saravjeetsingh.Music-waves.MusicWaveWidget";
				PRODUCT_NAME = "$(TARGET_NAME)";
				SKIP_INSTALL = YES;
				SWIFT_EMIT_LOC_STRINGS = YES;
				SWIFT_VERSION = 5.0;
				TARGETED_DEVICE_FAMILY = "1,2";
			};
			name = Release;
		};
		ADD4673029C54BD700717EDF /* Debug */ = {
			isa = XCBuildConfiguration;
			buildSettings = {
				ALWAYS_SEARCH_USER_PATHS = NO;
				CLANG_ANALYZER_NONNULL = YES;
				CLANG_ANALYZER_NUMBER_OBJECT_CONVERSION = YES_AGGRESSIVE;
				CLANG_CXX_LANGUAGE_STANDARD = "gnu++17";
				CLANG_ENABLE_MODULES = YES;
				CLANG_ENABLE_OBJC_ARC = YES;
				CLANG_ENABLE_OBJC_WEAK = YES;
				CLANG_WARN_BLOCK_CAPTURE_AUTORELEASING = YES;
				CLANG_WARN_BOOL_CONVERSION = YES;
				CLANG_WARN_COMMA = YES;
				CLANG_WARN_CONSTANT_CONVERSION = YES;
				CLANG_WARN_DEPRECATED_OBJC_IMPLEMENTATIONS = YES;
				CLANG_WARN_DIRECT_OBJC_ISA_USAGE = YES_ERROR;
				CLANG_WARN_DOCUMENTATION_COMMENTS = YES;
				CLANG_WARN_EMPTY_BODY = YES;
				CLANG_WARN_ENUM_CONVERSION = YES;
				CLANG_WARN_INFINITE_RECURSION = YES;
				CLANG_WARN_INT_CONVERSION = YES;
				CLANG_WARN_NON_LITERAL_NULL_CONVERSION = YES;
				CLANG_WARN_OBJC_IMPLICIT_RETAIN_SELF = YES;
				CLANG_WARN_OBJC_LITERAL_CONVERSION = YES;
				CLANG_WARN_OBJC_ROOT_CLASS = YES_ERROR;
				CLANG_WARN_QUOTED_INCLUDE_IN_FRAMEWORK_HEADER = YES;
				CLANG_WARN_RANGE_LOOP_ANALYSIS = YES;
				CLANG_WARN_STRICT_PROTOTYPES = YES;
				CLANG_WARN_SUSPICIOUS_MOVE = YES;
				CLANG_WARN_UNGUARDED_AVAILABILITY = YES_AGGRESSIVE;
				CLANG_WARN_UNREACHABLE_CODE = YES;
				CLANG_WARN__DUPLICATE_METHOD_MATCH = YES;
				COPY_PHASE_STRIP = NO;
				DEBUG_INFORMATION_FORMAT = dwarf;
				ENABLE_STRICT_OBJC_MSGSEND = YES;
				ENABLE_TESTABILITY = YES;
				GCC_C_LANGUAGE_STANDARD = gnu11;
				GCC_DYNAMIC_NO_PIC = NO;
				GCC_NO_COMMON_BLOCKS = YES;
				GCC_OPTIMIZATION_LEVEL = 0;
				GCC_PREPROCESSOR_DEFINITIONS = (
					"DEBUG=1",
					"$(inherited)",
				);
				GCC_WARN_64_TO_32_BIT_CONVERSION = YES;
				GCC_WARN_ABOUT_RETURN_TYPE = YES_ERROR;
				GCC_WARN_UNDECLARED_SELECTOR = YES;
				GCC_WARN_UNINITIALIZED_AUTOS = YES_AGGRESSIVE;
				GCC_WARN_UNUSED_FUNCTION = YES;
				GCC_WARN_UNUSED_VARIABLE = YES;
				IPHONEOS_DEPLOYMENT_TARGET = 15.5;
				MTL_ENABLE_DEBUG_INFO = INCLUDE_SOURCE;
				MTL_FAST_MATH = YES;
				ONLY_ACTIVE_ARCH = YES;
				SDKROOT = iphoneos;
				SWIFT_ACTIVE_COMPILATION_CONDITIONS = DEBUG;
				SWIFT_OPTIMIZATION_LEVEL = "-Onone";
			};
			name = Debug;
		};
		ADD4673129C54BD700717EDF /* Release */ = {
			isa = XCBuildConfiguration;
			buildSettings = {
				ALWAYS_SEARCH_USER_PATHS = NO;
				CLANG_ANALYZER_NONNULL = YES;
				CLANG_ANALYZER_NUMBER_OBJECT_CONVERSION = YES_AGGRESSIVE;
				CLANG_CXX_LANGUAGE_STANDARD = "gnu++17";
				CLANG_ENABLE_MODULES = YES;
				CLANG_ENABLE_OBJC_ARC = YES;
				CLANG_ENABLE_OBJC_WEAK = YES;
				CLANG_WARN_BLOCK_CAPTURE_AUTORELEASING = YES;
				CLANG_WARN_BOOL_CONVERSION = YES;
				CLANG_WARN_COMMA = YES;
				CLANG_WARN_CONSTANT_CONVERSION = YES;
				CLANG_WARN_DEPRECATED_OBJC_IMPLEMENTATIONS = YES;
				CLANG_WARN_DIRECT_OBJC_ISA_USAGE = YES_ERROR;
				CLANG_WARN_DOCUMENTATION_COMMENTS = YES;
				CLANG_WARN_EMPTY_BODY = YES;
				CLANG_WARN_ENUM_CONVERSION = YES;
				CLANG_WARN_INFINITE_RECURSION = YES;
				CLANG_WARN_INT_CONVERSION = YES;
				CLANG_WARN_NON_LITERAL_NULL_CONVERSION = YES;
				CLANG_WARN_OBJC_IMPLICIT_RETAIN_SELF = YES;
				CLANG_WARN_OBJC_LITERAL_CONVERSION = YES;
				CLANG_WARN_OBJC_ROOT_CLASS = YES_ERROR;
				CLANG_WARN_QUOTED_INCLUDE_IN_FRAMEWORK_HEADER = YES;
				CLANG_WARN_RANGE_LOOP_ANALYSIS = YES;
				CLANG_WARN_STRICT_PROTOTYPES = YES;
				CLANG_WARN_SUSPICIOUS_MOVE = YES;
				CLANG_WARN_UNGUARDED_AVAILABILITY = YES_AGGRESSIVE;
				CLANG_WARN_UNREACHABLE_CODE = YES;
				CLANG_WARN__DUPLICATE_METHOD_MATCH = YES;
				COPY_PHASE_STRIP = NO;
				DEBUG_INFORMATION_FORMAT = "dwarf-with-dsym";
				ENABLE_NS_ASSERTIONS = NO;
				ENABLE_STRICT_OBJC_MSGSEND = YES;
				GCC_C_LANGUAGE_STANDARD = gnu11;
				GCC_NO_COMMON_BLOCKS = YES;
				GCC_WARN_64_TO_32_BIT_CONVERSION = YES;
				GCC_WARN_ABOUT_RETURN_TYPE = YES_ERROR;
				GCC_WARN_UNDECLARED_SELECTOR = YES;
				GCC_WARN_UNINITIALIZED_AUTOS = YES_AGGRESSIVE;
				GCC_WARN_UNUSED_FUNCTION = YES;
				GCC_WARN_UNUSED_VARIABLE = YES;
				IPHONEOS_DEPLOYMENT_TARGET = 15.5;
				MTL_ENABLE_DEBUG_INFO = NO;
				MTL_FAST_MATH = YES;
				SDKROOT = iphoneos;
				SWIFT_COMPILATION_MODE = wholemodule;
				SWIFT_OPTIMIZATION_LEVEL = "-O";
				VALIDATE_PRODUCT = YES;
			};
			name = Release;
		};
		ADD4673329C54BD700717EDF /* Debug */ = {
			isa = XCBuildConfiguration;
			buildSettings = {
				ALWAYS_EMBED_SWIFT_STANDARD_LIBRARIES = YES;
				ASSETCATALOG_COMPILER_APPICON_NAME = AppIcon;
				ASSETCATALOG_COMPILER_GLOBAL_ACCENT_COLOR_NAME = AccentColor;
				CODE_SIGN_STYLE = Automatic;
				CURRENT_PROJECT_VERSION = 1;
				DEVELOPMENT_ASSET_PATHS = "\"Music_waves/Preview Content\"";
				DEVELOPMENT_TEAM = 77MS74BG3H;
				ENABLE_PREVIEWS = YES;
				GENERATE_INFOPLIST_FILE = YES;
				INFOPLIST_FILE = "Music-waves-Info.plist";
				INFOPLIST_KEY_UIApplicationSceneManifest_Generation = YES;
				INFOPLIST_KEY_UIApplicationSupportsIndirectInputEvents = YES;
				INFOPLIST_KEY_UILaunchScreen_Generation = YES;
				INFOPLIST_KEY_UISupportedInterfaceOrientations_iPad = "UIInterfaceOrientationPortrait UIInterfaceOrientationPortraitUpsideDown UIInterfaceOrientationLandscapeLeft UIInterfaceOrientationLandscapeRight";
				INFOPLIST_KEY_UISupportedInterfaceOrientations_iPhone = "UIInterfaceOrientationPortrait UIInterfaceOrientationLandscapeLeft UIInterfaceOrientationLandscapeRight";
				LD_RUNPATH_SEARCH_PATHS = (
					"$(inherited)",
					"@executable_path/Frameworks",
				);
				MARKETING_VERSION = 1.0;
				PRODUCT_BUNDLE_IDENTIFIER = "ca.georgian.saravjeetsingh.Music-waves";
				PRODUCT_NAME = "$(TARGET_NAME)";
				SWIFT_EMIT_LOC_STRINGS = YES;
				SWIFT_VERSION = 5.0;
				TARGETED_DEVICE_FAMILY = "1,2";
			};
			name = Debug;
		};
		ADD4673429C54BD700717EDF /* Release */ = {
			isa = XCBuildConfiguration;
			buildSettings = {
				ALWAYS_EMBED_SWIFT_STANDARD_LIBRARIES = YES;
				ASSETCATALOG_COMPILER_APPICON_NAME = AppIcon;
				ASSETCATALOG_COMPILER_GLOBAL_ACCENT_COLOR_NAME = AccentColor;
				CODE_SIGN_STYLE = Automatic;
				CURRENT_PROJECT_VERSION = 1;
				DEVELOPMENT_ASSET_PATHS = "\"Music_waves/Preview Content\"";
				DEVELOPMENT_TEAM = 77MS74BG3H;
				ENABLE_PREVIEWS = YES;
				GENERATE_INFOPLIST_FILE = YES;
				INFOPLIST_FILE = "Music-waves-Info.plist";
				INFOPLIST_KEY_UIApplicationSceneManifest_Generation = YES;
				INFOPLIST_KEY_UIApplicationSupportsIndirectInputEvents = YES;
				INFOPLIST_KEY_UILaunchScreen_Generation = YES;
				INFOPLIST_KEY_UISupportedInterfaceOrientations_iPad = "UIInterfaceOrientationPortrait UIInterfaceOrientationPortraitUpsideDown UIInterfaceOrientationLandscapeLeft UIInterfaceOrientationLandscapeRight";
				INFOPLIST_KEY_UISupportedInterfaceOrientations_iPhone = "UIInterfaceOrientationPortrait UIInterfaceOrientationLandscapeLeft UIInterfaceOrientationLandscapeRight";
				LD_RUNPATH_SEARCH_PATHS = (
					"$(inherited)",
					"@executable_path/Frameworks",
				);
				MARKETING_VERSION = 1.0;
				PRODUCT_BUNDLE_IDENTIFIER = "ca.georgian.saravjeetsingh.Music-waves";
				PRODUCT_NAME = "$(TARGET_NAME)";
				SWIFT_EMIT_LOC_STRINGS = YES;
				SWIFT_VERSION = 5.0;
				TARGETED_DEVICE_FAMILY = "1,2";
			};
			name = Release;
		};
		ADD4673629C54BD700717EDF /* Debug */ = {
			isa = XCBuildConfiguration;
			buildSettings = {
				ALWAYS_EMBED_SWIFT_STANDARD_LIBRARIES = YES;
				BUNDLE_LOADER = "$(TEST_HOST)";
				CODE_SIGN_STYLE = Automatic;
				CURRENT_PROJECT_VERSION = 1;
				DEVELOPMENT_TEAM = 77MS74BG3H;
				GENERATE_INFOPLIST_FILE = YES;
				IPHONEOS_DEPLOYMENT_TARGET = 15.5;
				MARKETING_VERSION = 1.0;
				PRODUCT_BUNDLE_IDENTIFIER = "ca.georgian.saravjeetsingh.Music-wavesTests";
				PRODUCT_NAME = "$(TARGET_NAME)";
				SWIFT_EMIT_LOC_STRINGS = NO;
				SWIFT_VERSION = 5.0;
				TARGETED_DEVICE_FAMILY = "1,2";
				TEST_HOST = "$(BUILT_PRODUCTS_DIR)/Music_waves.app/Music_waves";
			};
			name = Debug;
		};
		ADD4673729C54BD700717EDF /* Release */ = {
			isa = XCBuildConfiguration;
			buildSettings = {
				ALWAYS_EMBED_SWIFT_STANDARD_LIBRARIES = YES;
				BUNDLE_LOADER = "$(TEST_HOST)";
				CODE_SIGN_STYLE = Automatic;
				CURRENT_PROJECT_VERSION = 1;
				DEVELOPMENT_TEAM = 77MS74BG3H;
				GENERATE_INFOPLIST_FILE = YES;
				IPHONEOS_DEPLOYMENT_TARGET = 15.5;
				MARKETING_VERSION = 1.0;
				PRODUCT_BUNDLE_IDENTIFIER = "ca.georgian.saravjeetsingh.Music-wavesTests";
				PRODUCT_NAME = "$(TARGET_NAME)";
				SWIFT_EMIT_LOC_STRINGS = NO;
				SWIFT_VERSION = 5.0;
				TARGETED_DEVICE_FAMILY = "1,2";
				TEST_HOST = "$(BUILT_PRODUCTS_DIR)/Music_waves.app/Music_waves";
			};
			name = Release;
		};
		ADD4673929C54BD700717EDF /* Debug */ = {
			isa = XCBuildConfiguration;
			buildSettings = {
				ALWAYS_EMBED_SWIFT_STANDARD_LIBRARIES = YES;
				CODE_SIGN_STYLE = Automatic;
				CURRENT_PROJECT_VERSION = 1;
				DEVELOPMENT_TEAM = 77MS74BG3H;
				GENERATE_INFOPLIST_FILE = YES;
				MARKETING_VERSION = 1.0;
				PRODUCT_BUNDLE_IDENTIFIER = "ca.georgian.saravjeetsingh.Music-wavesUITests";
				PRODUCT_NAME = "$(TARGET_NAME)";
				SWIFT_EMIT_LOC_STRINGS = NO;
				SWIFT_VERSION = 5.0;
				TARGETED_DEVICE_FAMILY = "1,2";
				TEST_TARGET_NAME = Music_waves;
			};
			name = Debug;
		};
		ADD4673A29C54BD700717EDF /* Release */ = {
			isa = XCBuildConfiguration;
			buildSettings = {
				ALWAYS_EMBED_SWIFT_STANDARD_LIBRARIES = YES;
				CODE_SIGN_STYLE = Automatic;
				CURRENT_PROJECT_VERSION = 1;
				DEVELOPMENT_TEAM = 77MS74BG3H;
				GENERATE_INFOPLIST_FILE = YES;
				MARKETING_VERSION = 1.0;
				PRODUCT_BUNDLE_IDENTIFIER = "ca.georgian.saravjeetsingh.Music-wavesUITests";
				PRODUCT_NAME = "$(TARGET_NAME)";
				SWIFT_EMIT_LOC_STRINGS = NO;
				SWIFT_VERSION = 5.0;
				TARGETED_DEVICE_FAMILY = "1,2";
				TEST_TARGET_NAME = Music_waves;
			};
			name = Release;
		};
/* End XCBuildConfiguration section */

/* Begin XCConfigurationList section */
		AD47D7F629E1F3A400963241 /* Build configuration list for PBXNativeTarget "MusicWaveWidgetExtension" */ = {
			isa = XCConfigurationList;
			buildConfigurations = (
				AD47D7F729E1F3A400963241 /* Debug */,
				AD47D7F829E1F3A400963241 /* Release */,
			);
			defaultConfigurationIsVisible = 0;
			defaultConfigurationName = Release;
		};
		ADD4670929C54BD400717EDF /* Build configuration list for PBXProject "Music_waves" */ = {
			isa = XCConfigurationList;
			buildConfigurations = (
				ADD4673029C54BD700717EDF /* Debug */,
				ADD4673129C54BD700717EDF /* Release */,
			);
			defaultConfigurationIsVisible = 0;
			defaultConfigurationName = Release;
		};
		ADD4673229C54BD700717EDF /* Build configuration list for PBXNativeTarget "Music_waves" */ = {
			isa = XCConfigurationList;
			buildConfigurations = (
				ADD4673329C54BD700717EDF /* Debug */,
				ADD4673429C54BD700717EDF /* Release */,
			);
			defaultConfigurationIsVisible = 0;
			defaultConfigurationName = Release;
		};
		ADD4673529C54BD700717EDF /* Build configuration list for PBXNativeTarget "Music_wavesTests" */ = {
			isa = XCConfigurationList;
			buildConfigurations = (
				ADD4673629C54BD700717EDF /* Debug */,
				ADD4673729C54BD700717EDF /* Release */,
			);
			defaultConfigurationIsVisible = 0;
			defaultConfigurationName = Release;
		};
		ADD4673829C54BD700717EDF /* Build configuration list for PBXNativeTarget "Music_wavesUITests" */ = {
			isa = XCConfigurationList;
			buildConfigurations = (
				ADD4673929C54BD700717EDF /* Debug */,
				ADD4673A29C54BD700717EDF /* Release */,
			);
			defaultConfigurationIsVisible = 0;
			defaultConfigurationName = Release;
		};
/* End XCConfigurationList section */

/* Begin XCRemoteSwiftPackageReference section */
		ADE5BC1829DA5F9100305455 /* XCRemoteSwiftPackageReference "firebase-ios-sdk" */ = {
			isa = XCRemoteSwiftPackageReference;
			repositoryURL = "https://github.com/firebase/firebase-ios-sdk";
			requirement = {
				kind = upToNextMajorVersion;
				minimumVersion = 9.0.0;
			};
		};
/* End XCRemoteSwiftPackageReference section */

/* Begin XCSwiftPackageProductDependency section */
		ADE5BC1929DA5F9100305455 /* FirebaseAuth */ = {
			isa = XCSwiftPackageProductDependency;
			package = ADE5BC1829DA5F9100305455 /* XCRemoteSwiftPackageReference "firebase-ios-sdk" */;
			productName = FirebaseAuth;
		};
		ADE5BC1B29DA5F9100305455 /* FirebaseFirestore */ = {
			isa = XCSwiftPackageProductDependency;
			package = ADE5BC1829DA5F9100305455 /* XCRemoteSwiftPackageReference "firebase-ios-sdk" */;
			productName = FirebaseFirestore;
		};
/* End XCSwiftPackageProductDependency section */
	};
	rootObject = ADD4670629C54BD400717EDF /* Project object */;
}
